
Microsoft Visual Studio Solution File, Format Version 12.00
# Visual Studio Version 16
VisualStudioVersion = 16.0.29519.181
MinimumVisualStudioVersion = 10.0.40219.1
Project("{FAE04EC0-301F-11D3-BF4B-00C04F79EFBC}") = "PrimeiroAzureServeApp", "PrimeiroAzureServeApp\PrimeiroAzureServeApp.csproj", "{4D0F5758-7865-4C01-B2C7-53B5A7E2120C}"
EndProject
Global
	GlobalSection(SolutionConfigurationPlatforms) = preSolution
		Debug|Any CPU = Debug|Any CPU
		Release|Any CPU = Release|Any CPU
	EndGlobalSection
	GlobalSection(ProjectConfigurationPlatforms) = postSolution
		{4D0F5758-7865-4C01-B2C7-53B5A7E2120C}.Debug|Any CPU.ActiveCfg = Debug|Any CPU
		{4D0F5758-7865-4C01-B2C7-53B5A7E2120C}.Debug|Any CPU.Build.0 = Debug|Any CPU
		{4D0F5758-7865-4C01-B2C7-53B5A7E2120C}.Release|Any CPU.ActiveCfg = Release|Any CPU
		{4D0F5758-7865-4C01-B2C7-53B5A7E2120C}.Release|Any CPU.Build.0 = Release|Any CPU
	EndGlobalSection
	GlobalSection(SolutionProperties) = preSolution
		HideSolutionNode = FALSE
	EndGlobalSection
	GlobalSection(ExtensibilityGlobals) = postSolution
		SolutionGuid = {5FD5C990-F452-44D4-8BEF-82E9F8CF0613}
	EndGlobalSection
EndGlobal
